Microsoft Visual Studio Solution File, Format Version 12.00
# Visual Studio Version 17
VisualStudioVersion = 17.5.2.0
MinimumVisualStudioVersion = 10.0.40219.1
Project("{FAE04EC0-301F-11D3-BF4B-00C04F79EFBC}") = "Car", "Car.csproj", "{46D8AD79-F010-7916-F1D4-009AB3D8B694}"
EndProject
Global
	GlobalSection(SolutionConfigurationPlatforms) = preSolution
		Debug|Any CPU = Debug|Any CPU
		Release|Any CPU = Release|Any CPU
	EndGlobalSection
	GlobalSection(ProjectConfigurationPlatforms) = postSolution
		{46D8AD79-F010-7916-F1D4-009AB3D8B694}.Debug|Any CPU.ActiveCfg = Debug|Any CPU
		{46D8AD79-F010-7916-F1D4-009AB3D8B694}.Debug|Any CPU.Build.0 = Debug|Any CPU
		{46D8AD79-F010-7916-F1D4-009AB3D8B694}.Release|Any CPU.ActiveCfg = Release|Any CPU
		{46D8AD79-F010-7916-F1D4-009AB3D8B694}.Release|Any CPU.Build.0 = Release|Any CPU
	EndGlobalSection
	GlobalSection(SolutionProperties) = preSolution
		HideSolutionNode = FALSE
	EndGlobalSection
	GlobalSection(ExtensibilityGlobals) = postSolution
		SolutionGuid = {E685D704-E132-4484-9797-5E25F4B87D51}
	EndGlobalSection
EndGlobal
